
Microsoft Visual Studio Solution File, Format Version 12.00
# Visual Studio Version 17
VisualStudioVersion = 17.8.34525.116
MinimumVisualStudioVersion = 10.0.40219.1
Project("{9A19103F-16F7-4668-BE54-9A1E7A4F7556}") = "EloadasProject", "EloadasProject\EloadasProject.csproj", "{C1C5DC00-669A-4498-9790-C0A87B651619}"
EndProject
Project("{FAE04EC0-301F-11D3-BF4B-00C04F79EFBC}") = "EloadaTest", "EloadaTest\EloadaTest.csproj", "{264DA3B5-05DF-4386-A9D1-60D101026776}"
EndProject
Global
	GlobalSection(SolutionConfigurationPlatforms) = preSolution
		Debug|Any CPU = Debug|Any CPU
		Release|Any CPU = Release|Any CPU
	EndGlobalSection
	GlobalSection(ProjectConfigurationPlatforms) = postSolution
		{C1C5DC00-669A-4498-9790-C0A87B651619}.Debug|Any CPU.ActiveCfg = Debug|Any CPU
		{C1C5DC00-669A-4498-9790-C0A87B651619}.Debug|Any CPU.Build.0 = Debug|Any CPU
		{C1C5DC00-669A-4498-9790-C0A87B651619}.Release|Any CPU.ActiveCfg = Release|Any CPU
		{C1C5DC00-669A-4498-9790-C0A87B651619}.Release|Any CPU.Build.0 = Release|Any CPU
		{264DA3B5-05DF-4386-A9D1-60D101026776}.Debug|Any CPU.ActiveCfg = Debug|Any CPU
		{264DA3B5-05DF-4386-A9D1-60D101026776}.Debug|Any CPU.Build.0 = Debug|Any CPU
		{264DA3B5-05DF-4386-A9D1-60D101026776}.Release|Any CPU.ActiveCfg = Release|Any CPU
		{264DA3B5-05DF-4386-A9D1-60D101026776}.Release|Any CPU.Build.0 = Release|Any CPU
	EndGlobalSection
	GlobalSection(SolutionProperties) = preSolution
		HideSolutionNode = FALSE
	EndGlobalSection
	GlobalSection(ExtensibilityGlobals) = postSolution
		SolutionGuid = {C9100E2F-C6DA-43B5-92CF-E39D90087D66}
	EndGlobalSection
EndGlobal
